
Microsoft Visual Studio Solution File, Format Version 12.00
# Visual Studio Version 17
VisualStudioVersion = 17.2.32519.379
MinimumVisualStudioVersion = 10.0.40219.1
Project("{9A19103F-16F7-4668-BE54-9A1E7A4F7556}") = "WebApplication4", "WebApplication4\WebApplication4.csproj", "{92AF0489-E5DF-4837-B133-177C3A6D8BFF}"
EndProject
Project("{FAE04EC0-301F-11D3-BF4B-00C04F79EFBC}") = "WebApplication1", "WebApplication1\WebApplication1.csproj", "{5865070B-0EC2-481A-9DE2-0E725DAE4DAA}"
EndProject
Project("{FAE04EC0-301F-11D3-BF4B-00C04F79EFBC}") = "ClassLibrary1", "ClassLibrary1\ClassLibrary1.csproj", "{A031C260-74DB-4AD1-BD67-961A00142DA1}"
EndProject
Global
	GlobalSection(SolutionConfigurationPlatforms) = preSolution
		Debug|Any CPU = Debug|Any CPU
		Release|Any CPU = Release|Any CPU
	EndGlobalSection
	GlobalSection(ProjectConfigurationPlatforms) = postSolution
		{92AF0489-E5DF-4837-B133-177C3A6D8BFF}.Debug|Any CPU.ActiveCfg = Debug|Any CPU
		{92AF0489-E5DF-4837-B133-177C3A6D8BFF}.Debug|Any CPU.Build.0 = Debug|Any CPU
		{92AF0489-E5DF-4837-B133-177C3A6D8BFF}.Release|Any CPU.ActiveCfg = Release|Any CPU
		{92AF0489-E5DF-4837-B133-177C3A6D8BFF}.Release|Any CPU.Build.0 = Release|Any CPU
		{5865070B-0EC2-481A-9DE2-0E725DAE4DAA}.Debug|Any CPU.ActiveCfg = Debug|Any CPU
		{5865070B-0EC2-481A-9DE2-0E725DAE4DAA}.Debug|Any CPU.Build.0 = Debug|Any CPU
		{5865070B-0EC2-481A-9DE2-0E725DAE4DAA}.Release|Any CPU.ActiveCfg = Release|Any CPU
		{5865070B-0EC2-481A-9DE2-0E725DAE4DAA}.Release|Any CPU.Build.0 = Release|Any CPU
		{A031C260-74DB-4AD1-BD67-961A00142DA1}.Debug|Any CPU.ActiveCfg = Debug|Any CPU
		{A031C260-74DB-4AD1-BD67-961A00142DA1}.Debug|Any CPU.Build.0 = Debug|Any CPU
		{A031C260-74DB-4AD1-BD67-961A00142DA1}.Release|Any CPU.ActiveCfg = Release|Any CPU
		{A031C260-74DB-4AD1-BD67-961A00142DA1}.Release|Any CPU.Build.0 = Release|Any CPU
	EndGlobalSection
	GlobalSection(SolutionProperties) = preSolution
		HideSolutionNode = FALSE
	EndGlobalSection
	GlobalSection(ExtensibilityGlobals) = postSolution
		SolutionGuid = {F393FFCB-F42B-46AD-9EF4-8F3FA142923B}
	EndGlobalSection
EndGlobal
